
Microsoft Visual Studio Solution File, Format Version 12.00
# Visual Studio Version 17
VisualStudioVersion = 17.12.35707.178
MinimumVisualStudioVersion = 10.0.40219.1
Project("{FAE04EC0-301F-11D3-BF4B-00C04F79EFBC}") = "UserRegistrationApp", "UserRegistrationApp.csproj", "{5568C927-93D0-48D6-B05B-E8697871D6A3}"
EndProject
Project("{FAE04EC0-301F-11D3-BF4B-00C04F79EFBC}") = "BusinessLayer", "..\BusinessLayer\BusinessLayer.csproj", "{ECAD96BF-D938-431C-A556-8326CA520DEE}"
EndProject
Project("{FAE04EC0-301F-11D3-BF4B-00C04F79EFBC}") = "RepositoryLayer", "..\RepositoryLayer\RepositoryLayer.csproj", "{3DB4771E-9286-4D6B-8514-D2915CBC972F}"
EndProject
Global
	GlobalSection(SolutionConfigurationPlatforms) = preSolution
		Debug|Any CPU = Debug|Any CPU
		Release|Any CPU = Release|Any CPU
	EndGlobalSection
	GlobalSection(ProjectConfigurationPlatforms) = postSolution
		{5568C927-93D0-48D6-B05B-E8697871D6A3}.Debug|Any CPU.ActiveCfg = Debug|Any CPU
		{5568C927-93D0-48D6-B05B-E8697871D6A3}.Debug|Any CPU.Build.0 = Debug|Any CPU
		{5568C927-93D0-48D6-B05B-E8697871D6A3}.Release|Any CPU.ActiveCfg = Release|Any CPU
		{5568C927-93D0-48D6-B05B-E8697871D6A3}.Release|Any CPU.Build.0 = Release|Any CPU
		{ECAD96BF-D938-431C-A556-8326CA520DEE}.Debug|Any CPU.ActiveCfg = Debug|Any CPU
		{ECAD96BF-D938-431C-A556-8326CA520DEE}.Debug|Any CPU.Build.0 = Debug|Any CPU
		{ECAD96BF-D938-431C-A556-8326CA520DEE}.Release|Any CPU.ActiveCfg = Release|Any CPU
		{ECAD96BF-D938-431C-A556-8326CA520DEE}.Release|Any CPU.Build.0 = Release|Any CPU
		{3DB4771E-9286-4D6B-8514-D2915CBC972F}.Debug|Any CPU.ActiveCfg = Debug|Any CPU
		{3DB4771E-9286-4D6B-8514-D2915CBC972F}.Debug|Any CPU.Build.0 = Debug|Any CPU
		{3DB4771E-9286-4D6B-8514-D2915CBC972F}.Release|Any CPU.ActiveCfg = Release|Any CPU
		{3DB4771E-9286-4D6B-8514-D2915CBC972F}.Release|Any CPU.Build.0 = Release|Any CPU
	EndGlobalSection
	GlobalSection(SolutionProperties) = preSolution
		HideSolutionNode = FALSE
	EndGlobalSection
EndGlobal
